
Microsoft Visual Studio Solution File, Format Version 12.00
# Visual Studio Version 17
VisualStudioVersion = 17.1.32328.378
MinimumVisualStudioVersion = 10.0.40219.1
Project("{9A19103F-16F7-4668-BE54-9A1E7A4F7556}") = "ProjectLab", "ProjectLab\ProjectLab.csproj", "{A2E1E838-DA39-4F90-AA61-23D3CE514919}"
EndProject
Global
	GlobalSection(SolutionConfigurationPlatforms) = preSolution
		Debug|Any CPU = Debug|Any CPU
		Release|Any CPU = Release|Any CPU
	EndGlobalSection
	GlobalSection(ProjectConfigurationPlatforms) = postSolution
		{A2E1E838-DA39-4F90-AA61-23D3CE514919}.Debug|Any CPU.ActiveCfg = Debug|Any CPU
		{A2E1E838-DA39-4F90-AA61-23D3CE514919}.Debug|Any CPU.Build.0 = Debug|Any CPU
		{A2E1E838-DA39-4F90-AA61-23D3CE514919}.Release|Any CPU.ActiveCfg = Release|Any CPU
		{A2E1E838-DA39-4F90-AA61-23D3CE514919}.Release|Any CPU.Build.0 = Release|Any CPU
	EndGlobalSection
	GlobalSection(SolutionProperties) = preSolution
		HideSolutionNode = FALSE
	EndGlobalSection
	GlobalSection(ExtensibilityGlobals) = postSolution
		SolutionGuid = {1266846E-3523-4565-87E4-F7FD8393BA93}
	EndGlobalSection
EndGlobal
